
Microsoft Visual Studio Solution File, Format Version 12.00
# Visual Studio Version 16
VisualStudioVersion = 16.0.29306.81
MinimumVisualStudioVersion = 10.0.40219.1
Project("{FAE04EC0-301F-11D3-BF4B-00C04F79EFBC}") = "LaunchMe", "LaunchMe.csproj", "{953303F6-8F49-47D9-B24D-A29DDD27E508}"
EndProject
Global
	GlobalSection(SolutionConfigurationPlatforms) = preSolution
		Debug|Any CPU = Debug|Any CPU
		Release|Any CPU = Release|Any CPU
	EndGlobalSection
	GlobalSection(ProjectConfigurationPlatforms) = postSolution
		{953303F6-8F49-47D9-B24D-A29DDD27E508}.Debug|Any CPU.ActiveCfg = Debug|Any CPU
		{953303F6-8F49-47D9-B24D-A29DDD27E508}.Debug|Any CPU.Build.0 = Debug|Any CPU
		{953303F6-8F49-47D9-B24D-A29DDD27E508}.Release|Any CPU.ActiveCfg = Release|Any CPU
		{953303F6-8F49-47D9-B24D-A29DDD27E508}.Release|Any CPU.Build.0 = Release|Any CPU
	EndGlobalSection
	GlobalSection(SolutionProperties) = preSolution
		HideSolutionNode = FALSE
	EndGlobalSection
	GlobalSection(ExtensibilityGlobals) = postSolution
		SolutionGuid = {DD9A5B0C-0749-4F20-A323-6933FD1BCC59}
	EndGlobalSection
EndGlobal
